
Microsoft Visual Studio Solution File, Format Version 12.00
# Visual Studio Version 18
VisualStudioVersion = 18.0.11010.61
MinimumVisualStudioVersion = 10.0.40219.1
Project("{FAE04EC0-301F-11D3-BF4B-00C04F79EFBC}") = "OPPPO1", "OPPPO1.csproj", "{9BE0CF5A-98AA-F2F9-8880-946B135F1D03}"
EndProject
Project("{FAE04EC0-301F-11D3-BF4B-00C04F79EFBC}") = "OPPPO1.Tests", "OPPPO1.Tests\OPPPO1.Tests.csproj", "{7D2B733E-0B8A-D349-B64D-3933BF2EA862}"
EndProject
Global
	GlobalSection(SolutionConfigurationPlatforms) = preSolution
		Debug|Any CPU = Debug|Any CPU
		Debug|x64 = Debug|x64
		Debug|x86 = Debug|x86
		Release|Any CPU = Release|Any CPU
		Release|x64 = Release|x64
		Release|x86 = Release|x86
	EndGlobalSection
	GlobalSection(ProjectConfigurationPlatforms) = postSolution
		{9BE0CF5A-98AA-F2F9-8880-946B135F1D03}.Debug|Any CPU.ActiveCfg = Debug|Any CPU
		{9BE0CF5A-98AA-F2F9-8880-946B135F1D03}.Debug|Any CPU.Build.0 = Debug|Any CPU
		{9BE0CF5A-98AA-F2F9-8880-946B135F1D03}.Debug|x64.ActiveCfg = Debug|Any CPU
		{9BE0CF5A-98AA-F2F9-8880-946B135F1D03}.Debug|x64.Build.0 = Debug|Any CPU
		{9BE0CF5A-98AA-F2F9-8880-946B135F1D03}.Debug|x86.ActiveCfg = Debug|Any CPU
		{9BE0CF5A-98AA-F2F9-8880-946B135F1D03}.Debug|x86.Build.0 = Debug|Any CPU
		{9BE0CF5A-98AA-F2F9-8880-946B135F1D03}.Release|Any CPU.ActiveCfg = Release|Any CPU
		{9BE0CF5A-98AA-F2F9-8880-946B135F1D03}.Release|Any CPU.Build.0 = Release|Any CPU
		{9BE0CF5A-98AA-F2F9-8880-946B135F1D03}.Release|x64.ActiveCfg = Release|Any CPU
		{9BE0CF5A-98AA-F2F9-8880-946B135F1D03}.Release|x64.Build.0 = Release|Any CPU
		{9BE0CF5A-98AA-F2F9-8880-946B135F1D03}.Release|x86.ActiveCfg = Release|Any CPU
		{9BE0CF5A-98AA-F2F9-8880-946B135F1D03}.Release|x86.Build.0 = Release|Any CPU
		{7D2B733E-0B8A-D349-B64D-3933BF2EA862}.Debug|Any CPU.ActiveCfg = Debug|Any CPU
		{7D2B733E-0B8A-D349-B64D-3933BF2EA862}.Debug|Any CPU.Build.0 = Debug|Any CPU
		{7D2B733E-0B8A-D349-B64D-3933BF2EA862}.Debug|x64.ActiveCfg = Debug|Any CPU
		{7D2B733E-0B8A-D349-B64D-3933BF2EA862}.Debug|x64.Build.0 = Debug|Any CPU
		{7D2B733E-0B8A-D349-B64D-3933BF2EA862}.Debug|x86.ActiveCfg = Debug|Any CPU
		{7D2B733E-0B8A-D349-B64D-3933BF2EA862}.Debug|x86.Build.0 = Debug|Any CPU
		{7D2B733E-0B8A-D349-B64D-3933BF2EA862}.Release|Any CPU.ActiveCfg = Release|Any CPU
		{7D2B733E-0B8A-D349-B64D-3933BF2EA862}.Release|Any CPU.Build.0 = Release|Any CPU
		{7D2B733E-0B8A-D349-B64D-3933BF2EA862}.Release|x64.ActiveCfg = Release|Any CPU
		{7D2B733E-0B8A-D349-B64D-3933BF2EA862}.Release|x64.Build.0 = Release|Any CPU
		{7D2B733E-0B8A-D349-B64D-3933BF2EA862}.Release|x86.ActiveCfg = Release|Any CPU
		{7D2B733E-0B8A-D349-B64D-3933BF2EA862}.Release|x86.Build.0 = Release|Any CPU
	EndGlobalSection
	GlobalSection(SolutionProperties) = preSolution
		HideSolutionNode = FALSE
	EndGlobalSection
	GlobalSection(ExtensibilityGlobals) = postSolution
		SolutionGuid = {27510AD2-446F-48B2-A0B1-138CC98A895E}
	EndGlobalSection
EndGlobal
